
Microsoft Visual Studio Solution File, Format Version 12.00
# Visual Studio 15
VisualStudioVersion = 15.0.26430.13
MinimumVisualStudioVersion = 10.0.40219.1
Project("{FAE04EC0-301F-11D3-BF4B-00C04F79EFBC}") = "Calculator", "Calculator\Calculator.csproj", "{3EA3B3B3-AC69-46A4-A182-F4497E7D7357}"
EndProject
Project("{FAE04EC0-301F-11D3-BF4B-00C04F79EFBC}") = "CalculatorUnitTests", "CalculatorUnitTests\CalculatorUnitTests.csproj", "{2EC3BD9B-0C4F-4D99-99BC-AC60A0E2F968}"
EndProject
Project("{2150E333-8FDC-42A3-9474-1A3956D46DE8}") = "Solution Items", "Solution Items", "{9384049B-1A28-4508-A505-081C1F36A14C}"
	ProjectSection(SolutionItems) = preProject
		Readme.md = Readme.md
	EndProjectSection
EndProject
Global
	GlobalSection(SolutionConfigurationPlatforms) = preSolution
		Debug|Any CPU = Debug|Any CPU
		Debug|x64 = Debug|x64
		Debug|x86 = Debug|x86
		Release|Any CPU = Release|Any CPU
		Release|x64 = Release|x64
		Release|x86 = Release|x86
	EndGlobalSection
	GlobalSection(ProjectConfigurationPlatforms) = postSolution
		{3EA3B3B3-AC69-46A4-A182-F4497E7D7357}.Debug|Any CPU.ActiveCfg = Debug|Any CPU
		{3EA3B3B3-AC69-46A4-A182-F4497E7D7357}.Debug|Any CPU.Build.0 = Debug|Any CPU
		{3EA3B3B3-AC69-46A4-A182-F4497E7D7357}.Debug|x64.ActiveCfg = Debug|Any CPU
		{3EA3B3B3-AC69-46A4-A182-F4497E7D7357}.Debug|x64.Build.0 = Debug|Any CPU
		{3EA3B3B3-AC69-46A4-A182-F4497E7D7357}.Debug|x86.ActiveCfg = Debug|Any CPU
		{3EA3B3B3-AC69-46A4-A182-F4497E7D7357}.Debug|x86.Build.0 = Debug|Any CPU
		{3EA3B3B3-AC69-46A4-A182-F4497E7D7357}.Release|Any CPU.ActiveCfg = Release|Any CPU
		{3EA3B3B3-AC69-46A4-A182-F4497E7D7357}.Release|Any CPU.Build.0 = Release|Any CPU
		{3EA3B3B3-AC69-46A4-A182-F4497E7D7357}.Release|x64.ActiveCfg = Release|Any CPU
		{3EA3B3B3-AC69-46A4-A182-F4497E7D7357}.Release|x64.Build.0 = Release|Any CPU
		{3EA3B3B3-AC69-46A4-A182-F4497E7D7357}.Release|x86.ActiveCfg = Release|Any CPU
		{3EA3B3B3-AC69-46A4-A182-F4497E7D7357}.Release|x86.Build.0 = Release|Any CPU
		{2EC3BD9B-0C4F-4D99-99BC-AC60A0E2F968}.Debug|Any CPU.ActiveCfg = Debug|Any CPU
		{2EC3BD9B-0C4F-4D99-99BC-AC60A0E2F968}.Debug|Any CPU.Build.0 = Debug|Any CPU
		{2EC3BD9B-0C4F-4D99-99BC-AC60A0E2F968}.Debug|x64.ActiveCfg = Debug|Any CPU
		{2EC3BD9B-0C4F-4D99-99BC-AC60A0E2F968}.Debug|x64.Build.0 = Debug|Any CPU
		{2EC3BD9B-0C4F-4D99-99BC-AC60A0E2F968}.Debug|x86.ActiveCfg = Debug|Any CPU
		{2EC3BD9B-0C4F-4D99-99BC-AC60A0E2F968}.Debug|x86.Build.0 = Debug|Any CPU
		{2EC3BD9B-0C4F-4D99-99BC-AC60A0E2F968}.Release|Any CPU.ActiveCfg = Release|Any CPU
		{2EC3BD9B-0C4F-4D99-99BC-AC60A0E2F968}.Release|Any CPU.Build.0 = Release|Any CPU
		{2EC3BD9B-0C4F-4D99-99BC-AC60A0E2F968}.Release|x64.ActiveCfg = Release|Any CPU
		{2EC3BD9B-0C4F-4D99-99BC-AC60A0E2F968}.Release|x64.Build.0 = Release|Any CPU
		{2EC3BD9B-0C4F-4D99-99BC-AC60A0E2F968}.Release|x86.ActiveCfg = Release|Any CPU
		{2EC3BD9B-0C4F-4D99-99BC-AC60A0E2F968}.Release|x86.Build.0 = Release|Any CPU
	EndGlobalSection
	GlobalSection(SolutionProperties) = preSolution
		HideSolutionNode = FALSE
	EndGlobalSection
	GlobalSection(ExtensibilityGlobals) = postSolution
		SolutionGuid = {392BE1F2-20F5-4A3C-A065-DB4EB926B755}
	EndGlobalSection
EndGlobal
