
Microsoft Visual Studio Solution File, Format Version 12.00
# Visual Studio 15
VisualStudioVersion = 15.0.26430.13
MinimumVisualStudioVersion = 10.0.40219.1
Project("{FAE04EC0-301F-11D3-BF4B-00C04F79EFBC}") = "Calculator", "Calculator\Calculator.csproj", "{3EA3B3B3-AC69-46A4-A182-F4497E7D7357}"
EndProject
Global
	GlobalSection(SolutionConfigurationPlatforms) = preSolution
		Debug|Any CPU = Debug|Any CPU
		Debug|x64 = Debug|x64
		Debug|x86 = Debug|x86
		Release|Any CPU = Release|Any CPU
		Release|x64 = Release|x64
		Release|x86 = Release|x86
	EndGlobalSection
	GlobalSection(ProjectConfigurationPlatforms) = postSolution
		{3EA3B3B3-AC69-46A4-A182-F4497E7D7357}.Debug|Any CPU.ActiveCfg = Debug|Any CPU
		{3EA3B3B3-AC69-46A4-A182-F4497E7D7357}.Debug|Any CPU.Build.0 = Debug|Any CPU
		{3EA3B3B3-AC69-46A4-A182-F4497E7D7357}.Debug|x64.ActiveCfg = Debug|Any CPU
		{3EA3B3B3-AC69-46A4-A182-F4497E7D7357}.Debug|x64.Build.0 = Debug|Any CPU
		{3EA3B3B3-AC69-46A4-A182-F4497E7D7357}.Debug|x86.ActiveCfg = Debug|Any CPU
		{3EA3B3B3-AC69-46A4-A182-F4497E7D7357}.Debug|x86.Build.0 = Debug|Any CPU
		{3EA3B3B3-AC69-46A4-A182-F4497E7D7357}.Release|Any CPU.ActiveCfg = Release|Any CPU
		{3EA3B3B3-AC69-46A4-A182-F4497E7D7357}.Release|Any CPU.Build.0 = Release|Any CPU
		{3EA3B3B3-AC69-46A4-A182-F4497E7D7357}.Release|x64.ActiveCfg = Release|Any CPU
		{3EA3B3B3-AC69-46A4-A182-F4497E7D7357}.Release|x64.Build.0 = Release|Any CPU
		{3EA3B3B3-AC69-46A4-A182-F4497E7D7357}.Release|x86.ActiveCfg = Release|Any CPU
		{3EA3B3B3-AC69-46A4-A182-F4497E7D7357}.Release|x86.Build.0 = Release|Any CPU
	EndGlobalSection
	GlobalSection(SolutionProperties) = preSolution
		HideSolutionNode = FALSE
	EndGlobalSection
EndGlobal
